{
  "nodes": {
    "alejandra": {
      "inputs": {
        "fenix": "fenix",
        "flakeCompat": "flakeCompat",
        "nixpkgs": [
          "packageset",
          "idris2Lsp",
          "nixpkgs"
        ]
      },
      "locked": {
        "lastModified": 1660592437,
        "narHash": "sha256-xFumnivtVwu5fFBOrTxrv6fv3geHKF04RGP23EsDVaI=",
        "owner": "kamadorueda",
        "repo": "alejandra",
        "rev": "e7eac49074b70814b542fee987af2987dd0520b5",
        "type": "github"
      },
      "original": {
        "owner": "kamadorueda",
        "ref": "3.0.0",
        "repo": "alejandra",
        "type": "github"
      }
    },
    "cl-nix-lite": {
      "inputs": {
        "flake-parts": "flake-parts",
        "nixpkgs": "nixpkgs_3",
        "systems": "systems_3",
        "treefmt-nix": "treefmt-nix"
      },
      "locked": {
        "lastModified": 1766810506,
        "narHash": "sha256-I4BxozsEu205tA7jazufztI8ZQ5p7hcCnjqrSKPz9nI=",
        "owner": "hraban",
        "repo": "cl-nix-lite",
        "rev": "038e341cede255a83a8f04af114dc95717461d32",
        "type": "github"
      },
      "original": {
        "owner": "hraban",
        "repo": "cl-nix-lite",
        "type": "github"
      }
    },
    "claude-code": {
      "inputs": {
        "flake-utils": "flake-utils",
        "nixpkgs": "nixpkgs"
      },
      "locked": {
        "lastModified": 1770687088,
        "narHash": "sha256-WM353TQnhVCbgMGUqoPIsLEdF8HHtMo/dFryzBSEswI=",
        "owner": "sadjow",
        "repo": "claude-code-nix",
        "rev": "5fb242d2c746009f9fa3b63e9f346e8ea64328ea",
        "type": "github"
      },
      "original": {
        "owner": "sadjow",
        "repo": "claude-code-nix",
        "type": "github"
      }
    },
    "codex-cli-nix": {
      "inputs": {
        "flake-utils": "flake-utils_2",
        "nixpkgs": "nixpkgs_2"
      },
      "locked": {
        "lastModified": 1770406581,
        "narHash": "sha256-5EBQV4crivXXwhrA+1s9ApMWryES/eadcNETtHin6Ko=",
        "owner": "sadjow",
        "repo": "codex-cli-nix",
        "rev": "d3abf748ac6a06016a6fff14b5a99dedacf72378",
        "type": "github"
      },
      "original": {
        "owner": "sadjow",
        "repo": "codex-cli-nix",
        "type": "github"
      }
    },
    "fenix": {
      "inputs": {
        "nixpkgs": [
          "packageset",
          "idris2Lsp",
          "alejandra",
          "nixpkgs"
        ],
        "rust-analyzer-src": "rust-analyzer-src"
      },
      "locked": {
        "lastModified": 1657607339,
        "narHash": "sha256-HaqoAwlbVVZH2n4P3jN2FFPMpVuhxDy1poNOR7kzODc=",
        "owner": "nix-community",
        "repo": "fenix",
        "rev": "b814c83d9e6aa5a28d0cf356ecfdafb2505ad37d",
        "type": "github"
      },
      "original": {
        "owner": "nix-community",
        "repo": "fenix",
        "type": "github"
      }
    },
    "flake-compat": {
      "flake": false,
      "locked": {
        "lastModified": 1730663653,
        "narHash": "sha256-kFCUWettiFHDIqxCWWQ9qY8pVh+Lj+XL0Giyy/kdomg=",
        "owner": "hraban",
        "repo": "flake-compat",
        "rev": "e5b16676185cb7548581c852f51ce7f3a49bba5e",
        "type": "github"
      },
      "original": {
        "owner": "hraban",
        "ref": "fixed-output",
        "repo": "flake-compat",
        "type": "github"
      }
    },
    "flake-parts": {
      "inputs": {
        "nixpkgs-lib": "nixpkgs-lib"
      },
      "locked": {
        "lastModified": 1765835352,
        "narHash": "sha256-XswHlK/Qtjasvhd1nOa1e8MgZ8GS//jBoTqWtrS1Giw=",
        "owner": "hercules-ci",
        "repo": "flake-parts",
        "rev": "a34fae9c08a15ad73f295041fec82323541400a9",
        "type": "github"
      },
      "original": {
        "owner": "hercules-ci",
        "repo": "flake-parts",
        "type": "github"
      }
    },
    "flake-utils": {
      "inputs": {
        "systems": "systems"
      },
      "locked": {
        "lastModified": 1731533236,
        "narHash": "sha256-l0KFg5HjrsfsO/JpG+r7fRrqm12kzFHyUHqHCVpMMbI=",
        "owner": "numtide",
        "repo": "flake-utils",
        "rev": "11707dc2f618dd54ca8739b309ec4fc024de578b",
        "type": "github"
      },
      "original": {
        "owner": "numtide",
        "repo": "flake-utils",
        "type": "github"
      }
    },
    "flake-utils_2": {
      "inputs": {
        "systems": "systems_2"
      },
      "locked": {
        "lastModified": 1731533236,
        "narHash": "sha256-l0KFg5HjrsfsO/JpG+r7fRrqm12kzFHyUHqHCVpMMbI=",
        "owner": "numtide",
        "repo": "flake-utils",
        "rev": "11707dc2f618dd54ca8739b309ec4fc024de578b",
        "type": "github"
      },
      "original": {
        "owner": "numtide",
        "repo": "flake-utils",
        "type": "github"
      }
    },
    "flake-utils_3": {
      "inputs": {
        "systems": [
          "mac-app-util",
          "systems"
        ]
      },
      "locked": {
        "lastModified": 1731533236,
        "narHash": "sha256-l0KFg5HjrsfsO/JpG+r7fRrqm12kzFHyUHqHCVpMMbI=",
        "owner": "numtide",
        "repo": "flake-utils",
        "rev": "11707dc2f618dd54ca8739b309ec4fc024de578b",
        "type": "github"
      },
      "original": {
        "id": "flake-utils",
        "type": "indirect"
      }
    },
    "flake-utils_4": {
      "inputs": {
        "systems": "systems_5"
      },
      "locked": {
        "lastModified": 1731533236,
        "narHash": "sha256-l0KFg5HjrsfsO/JpG+r7fRrqm12kzFHyUHqHCVpMMbI=",
        "owner": "numtide",
        "repo": "flake-utils",
        "rev": "11707dc2f618dd54ca8739b309ec4fc024de578b",
        "type": "github"
      },
      "original": {
        "owner": "numtide",
        "repo": "flake-utils",
        "type": "github"
      }
    },
    "flake-utils_5": {
      "inputs": {
        "systems": "systems_6"
      },
      "locked": {
        "lastModified": 1731533236,
        "narHash": "sha256-l0KFg5HjrsfsO/JpG+r7fRrqm12kzFHyUHqHCVpMMbI=",
        "owner": "numtide",
        "repo": "flake-utils",
        "rev": "11707dc2f618dd54ca8739b309ec4fc024de578b",
        "type": "github"
      },
      "original": {
        "owner": "numtide",
        "repo": "flake-utils",
        "type": "github"
      }
    },
    "flakeCompat": {
      "flake": false,
      "locked": {
        "lastModified": 1650374568,
        "narHash": "sha256-Z+s0J8/r907g149rllvwhb4pKi8Wam5ij0st8PwAh+E=",
        "owner": "edolstra",
        "repo": "flake-compat",
        "rev": "b4a34015c698c7793d592d66adbab377907a2be8",
        "type": "github"
      },
      "original": {
        "owner": "edolstra",
        "repo": "flake-compat",
        "type": "github"
      }
    },
    "home-manager": {
      "inputs": {
        "nixpkgs": [
          "nixpkgs"
        ]
      },
      "locked": {
        "lastModified": 1770654520,
        "narHash": "sha256-mg5WZMIPGsFu9MxSrUcuJUPMbfMsF77el5yb/7rc10k=",
        "owner": "nix-community",
        "repo": "home-manager",
        "rev": "6c4fdbe1ad198fac36c320fd45c5957324a80b8e",
        "type": "github"
      },
      "original": {
        "owner": "nix-community",
        "repo": "home-manager",
        "type": "github"
      }
    },
    "idris": {
      "inputs": {
        "flake-utils": "flake-utils_5",
        "idris-emacs-src": "idris-emacs-src_2",
        "nixpkgs": [
          "packageset",
          "idris2Lsp",
          "idris2Lsp",
          "nixpkgs"
        ]
      },
      "locked": {
        "lastModified": 1756810080,
        "narHash": "sha256-CY3px/8GAwDL1cXDWY1TJh3h5WDVzC+giuTlcwrUhF4=",
        "owner": "idris-lang",
        "repo": "Idris2",
        "rev": "77f59382c39f1fe4cf209d5be6efa1350755e533",
        "type": "github"
      },
      "original": {
        "owner": "idris-lang",
        "repo": "Idris2",
        "type": "github"
      }
    },
    "idris-emacs-src": {
      "flake": false,
      "locked": {
        "lastModified": 1734683778,
        "narHash": "sha256-8SIseFPHpdDO0uG3u65xJ0CHNfVu5O36meONZI7oorw=",
        "owner": "idris-community",
        "repo": "idris2-mode",
        "rev": "5b4513692124de34aac13985bf48f756d9a8248f",
        "type": "github"
      },
      "original": {
        "owner": "idris-community",
        "repo": "idris2-mode",
        "type": "github"
      }
    },
    "idris-emacs-src_2": {
      "flake": false,
      "locked": {
        "lastModified": 1666078909,
        "narHash": "sha256-oYNHFIpcrFfPb4sXJwEBFKeH+PB4AGCrAFrfBrSTCeo=",
        "owner": "redfish64",
        "repo": "idris2-mode",
        "rev": "3bcb52a65c488f31c99d20f235f6050418a84c9d",
        "type": "github"
      },
      "original": {
        "owner": "redfish64",
        "repo": "idris2-mode",
        "type": "github"
      }
    },
    "idris2": {
      "inputs": {
        "flake-utils": "flake-utils_4",
        "idris-emacs-src": "idris-emacs-src",
        "nixpkgs": [
          "packageset",
          "nixpkgs"
        ]
      },
      "locked": {
        "lastModified": 1770492206,
        "narHash": "sha256-yKMmCGY2j/l8wbCY4F/jig4+he7Hc2RP6UUZYr1wxyQ=",
        "owner": "idris-lang",
        "repo": "idris2",
        "rev": "10743f0ffb3ea470335c05ceae9a4c698c7a0179",
        "type": "github"
      },
      "original": {
        "owner": "idris-lang",
        "repo": "idris2",
        "rev": "10743f0ffb3ea470335c05ceae9a4c698c7a0179",
        "type": "github"
      }
    },
    "idris2Lsp": {
      "inputs": {
        "alejandra": "alejandra",
        "idris": [
          "packageset",
          "idris2"
        ],
        "idris2Lsp": "idris2Lsp_2",
        "lspLib": "lspLib_2",
        "nixpkgs": [
          "packageset",
          "nixpkgs"
        ]
      },
      "locked": {
        "lastModified": 1766950180,
        "narHash": "sha256-xEMtX/LlgSIZzy/0oOzOuxUQ4mLozfAqzxk2C5tnGE4=",
        "owner": "idris-community",
        "repo": "idris2-lsp",
        "rev": "5d46d6e1d9babe02780fb3e7b715ef5efd081ad9",
        "type": "github"
      },
      "original": {
        "owner": "idris-community",
        "repo": "idris2-lsp",
        "rev": "5d46d6e1d9babe02780fb3e7b715ef5efd081ad9",
        "type": "github"
      }
    },
    "idris2Lsp_2": {
      "inputs": {
        "alejandra": [
          "packageset",
          "idris2Lsp",
          "alejandra"
        ],
        "idris": "idris",
        "idris2Lsp": "idris2Lsp_3",
        "lspLib": "lspLib",
        "nixpkgs": [
          "packageset",
          "idris2Lsp",
          "nixpkgs"
        ]
      },
      "locked": {
        "lastModified": 1757515244,
        "narHash": "sha256-uYmg9Jd98RiO5SpRFox2xNAxY4nocPuK//zxuaIi/DM=",
        "owner": "idris-community",
        "repo": "idris2-lsp",
        "rev": "81344545c134c8e7105ecf1fdd7a1caae6647035",
        "type": "github"
      },
      "original": {
        "owner": "idris-community",
        "repo": "idris2-lsp",
        "type": "github"
      }
    },
    "idris2Lsp_3": {
      "inputs": {
        "alejandra": [
          "packageset",
          "idris2Lsp",
          "alejandra"
        ],
        "idris": [
          "packageset",
          "idris2Lsp",
          "idris"
        ],
        "idris2Lsp": [
          "packageset",
          "idris2Lsp",
          "idris2Lsp"
        ],
        "lspLib": [
          "packageset",
          "idris2Lsp",
          "lspLib"
        ],
        "nixpkgs": [
          "packageset",
          "idris2Lsp",
          "nixpkgs"
        ]
      },
      "locked": {
        "lastModified": 1755781462,
        "narHash": "sha256-/DNfM6EyxsksvgerJLB4uFgKANGgYe60sNuDeWlDqqQ=",
        "owner": "idris-community",
        "repo": "idris2-lsp",
        "rev": "10d7b1357be56e00c1be2cb3fdb78270a8172f50",
        "type": "github"
      },
      "original": {
        "owner": "idris-community",
        "repo": "idris2-lsp",
        "type": "github"
      }
    },
    "idris2PackDbSrc": {
      "flake": false,
      "locked": {
        "lastModified": 1770677588,
        "narHash": "sha256-x1nmgT4iqEfIGnGKGB0iQJl8X+Abtd77K+RkhAbbMew=",
        "owner": "stefan-hoeck",
        "repo": "idris2-pack-db",
        "rev": "dda8cbe5573654146a1183603dc4fc6a71004eae",
        "type": "github"
      },
      "original": {
        "owner": "stefan-hoeck",
        "repo": "idris2-pack-db",
        "type": "github"
      }
    },
    "lspLib": {
      "inputs": {
        "idris": [
          "packageset",
          "idris2Lsp",
          "idris2Lsp",
          "idris"
        ],
        "idris2Lsp": [
          "packageset",
          "idris2Lsp",
          "idris2Lsp",
          "idris2Lsp"
        ],
        "nixpkgs": [
          "packageset",
          "idris2Lsp",
          "idris2Lsp",
          "nixpkgs"
        ]
      },
      "locked": {
        "lastModified": 1755177633,
        "narHash": "sha256-maXHx/OrflIdV7XPfDCRShUGZekLbLOSFQPHnL6DxnI=",
        "owner": "idris-community",
        "repo": "LSP-lib",
        "rev": "ca77e80a392b8cfeee3aaeb150069957699cdb82",
        "type": "github"
      },
      "original": {
        "owner": "idris-community",
        "repo": "LSP-lib",
        "type": "github"
      }
    },
    "lspLib_2": {
      "inputs": {
        "idris": [
          "packageset",
          "idris2Lsp",
          "idris"
        ],
        "idris2Lsp": [
          "packageset",
          "idris2Lsp",
          "idris2Lsp"
        ],
        "nixpkgs": [
          "packageset",
          "idris2Lsp",
          "nixpkgs"
        ]
      },
      "locked": {
        "lastModified": 1755177633,
        "narHash": "sha256-maXHx/OrflIdV7XPfDCRShUGZekLbLOSFQPHnL6DxnI=",
        "owner": "idris-community",
        "repo": "LSP-lib",
        "rev": "ca77e80a392b8cfeee3aaeb150069957699cdb82",
        "type": "github"
      },
      "original": {
        "owner": "idris-community",
        "repo": "LSP-lib",
        "type": "github"
      }
    },
    "mac-app-util": {
      "inputs": {
        "cl-nix-lite": "cl-nix-lite",
        "flake-compat": "flake-compat",
        "flake-utils": "flake-utils_3",
        "nixpkgs": "nixpkgs_5",
        "systems": "systems_4",
        "treefmt-nix": "treefmt-nix_2"
      },
      "locked": {
        "lastModified": 1766810876,
        "narHash": "sha256-VPElWFQIiP31lXQXEom+L4sl85alZpZn33O4hewsP9k=",
        "owner": "hraban",
        "repo": "mac-app-util",
        "rev": "4747968574ea58512c5385466400b2364c85d2d0",
        "type": "github"
      },
      "original": {
        "owner": "hraban",
        "repo": "mac-app-util",
        "type": "github"
      }
    },
    "nixpkgs": {
      "locked": {
        "lastModified": 1770537093,
        "narHash": "sha256-pF1quXG5wsgtyuPOHcLfYg/ft/QMr8NnX0i6tW2187s=",
        "owner": "NixOS",
        "repo": "nixpkgs",
        "rev": "fef9403a3e4d31b0a23f0bacebbec52c248fbb51",
        "type": "github"
      },
      "original": {
        "owner": "NixOS",
        "ref": "nixpkgs-unstable",
        "repo": "nixpkgs",
        "type": "github"
      }
    },
    "nixpkgs-lib": {
      "locked": {
        "lastModified": 1765674936,
        "narHash": "sha256-k00uTP4JNfmejrCLJOwdObYC9jHRrr/5M/a/8L2EIdo=",
        "owner": "nix-community",
        "repo": "nixpkgs.lib",
        "rev": "2075416fcb47225d9b68ac469a5c4801a9c4dd85",
        "type": "github"
      },
      "original": {
        "owner": "nix-community",
        "repo": "nixpkgs.lib",
        "type": "github"
      }
    },
    "nixpkgs-stable": {
      "locked": {
        "lastModified": 1767313136,
        "narHash": "sha256-16KkgfdYqjaeRGBaYsNrhPRRENs0qzkQVUooNHtoy2w=",
        "owner": "nixos",
        "repo": "nixpkgs",
        "rev": "ac62194c3917d5f474c1a844b6fd6da2db95077d",
        "type": "github"
      },
      "original": {
        "owner": "nixos",
        "ref": "nixos-25.05",
        "repo": "nixpkgs",
        "type": "github"
      }
    },
    "nixpkgs_2": {
      "locked": {
        "lastModified": 1770169770,
        "narHash": "sha256-awR8qIwJxJJiOmcEGgP2KUqYmHG4v/z8XpL9z8FnT1A=",
        "owner": "NixOS",
        "repo": "nixpkgs",
        "rev": "aa290c9891fa4ebe88f8889e59633d20cc06a5f2",
        "type": "github"
      },
      "original": {
        "owner": "NixOS",
        "ref": "nixpkgs-unstable",
        "repo": "nixpkgs",
        "type": "github"
      }
    },
    "nixpkgs_3": {
      "locked": {
        "lastModified": 1766736597,
        "narHash": "sha256-BASnpCLodmgiVn0M1MU2Pqyoz0aHwar/0qLkp7CjvSQ=",
        "owner": "nixos",
        "repo": "nixpkgs",
        "rev": "f560ccec6b1116b22e6ed15f4c510997d99d5852",
        "type": "github"
      },
      "original": {
        "owner": "nixos",
        "ref": "nixos-25.11",
        "repo": "nixpkgs",
        "type": "github"
      }
    },
    "nixpkgs_4": {
      "locked": {
        "lastModified": 1761236834,
        "narHash": "sha256-+pthv6hrL5VLW2UqPdISGuLiUZ6SnAXdd2DdUE+fV2Q=",
        "owner": "nixos",
        "repo": "nixpkgs",
        "rev": "d5faa84122bc0a1fd5d378492efce4e289f8eac1",
        "type": "github"
      },
      "original": {
        "owner": "nixos",
        "ref": "nixpkgs-unstable",
        "repo": "nixpkgs",
        "type": "github"
      }
    },
    "nixpkgs_5": {
      "locked": {
        "lastModified": 1732617236,
        "narHash": "sha256-PYkz6U0bSEaEB1al7O1XsqVNeSNS+s3NVclJw7YC43w=",
        "owner": "NixOS",
        "repo": "nixpkgs",
        "rev": "af51545ec9a44eadf3fe3547610a5cdd882bc34e",
        "type": "github"
      },
      "original": {
        "owner": "NixOS",
        "repo": "nixpkgs",
        "rev": "af51545ec9a44eadf3fe3547610a5cdd882bc34e",
        "type": "github"
      }
    },
    "nixpkgs_6": {
      "locked": {
        "lastModified": 1761236834,
        "narHash": "sha256-+pthv6hrL5VLW2UqPdISGuLiUZ6SnAXdd2DdUE+fV2Q=",
        "owner": "nixos",
        "repo": "nixpkgs",
        "rev": "d5faa84122bc0a1fd5d378492efce4e289f8eac1",
        "type": "github"
      },
      "original": {
        "owner": "nixos",
        "ref": "nixpkgs-unstable",
        "repo": "nixpkgs",
        "type": "github"
      }
    },
    "nixpkgs_7": {
      "locked": {
        "lastModified": 1770562336,
        "narHash": "sha256-ub1gpAONMFsT/GU2hV6ZWJjur8rJ6kKxdm9IlCT0j84=",
        "owner": "nixos",
        "repo": "nixpkgs",
        "rev": "d6c71932130818840fc8fe9509cf50be8c64634f",
        "type": "github"
      },
      "original": {
        "owner": "nixos",
        "ref": "nixos-unstable",
        "repo": "nixpkgs",
        "type": "github"
      }
    },
    "nixpkgs_8": {
      "locked": {
        "lastModified": 1770537093,
        "narHash": "sha256-pF1quXG5wsgtyuPOHcLfYg/ft/QMr8NnX0i6tW2187s=",
        "owner": "nixos",
        "repo": "nixpkgs",
        "rev": "fef9403a3e4d31b0a23f0bacebbec52c248fbb51",
        "type": "github"
      },
      "original": {
        "owner": "nixos",
        "ref": "nixpkgs-unstable",
        "repo": "nixpkgs",
        "type": "github"
      }
    },
    "packageset": {
      "inputs": {
        "idris2": "idris2",
        "idris2Lsp": "idris2Lsp",
        "idris2PackDbSrc": "idris2PackDbSrc",
        "nixpkgs": "nixpkgs_8"
      },
      "locked": {
        "lastModified": 1770688076,
        "narHash": "sha256-8OzFbakbyBAY32JAHju+j3hqlnZZD620Q0Kb5avtt2M=",
        "owner": "mattpolzin",
        "repo": "nix-idris2-packages",
        "rev": "3cc2207c9e2b0c4301f1a09459c5ec3e219250be",
        "type": "github"
      },
      "original": {
        "owner": "mattpolzin",
        "repo": "nix-idris2-packages",
        "type": "github"
      }
    },
    "root": {
      "inputs": {
        "claude-code": "claude-code",
        "codex-cli-nix": "codex-cli-nix",
        "home-manager": "home-manager",
        "mac-app-util": "mac-app-util",
        "nixpkgs": "nixpkgs_7",
        "nixpkgs-stable": "nixpkgs-stable",
        "packageset": "packageset"
      }
    },
    "rust-analyzer-src": {
      "flake": false,
      "locked": {
        "lastModified": 1657557289,
        "narHash": "sha256-PRW+nUwuqNTRAEa83SfX+7g+g8nQ+2MMbasQ9nt6+UM=",
        "owner": "rust-lang",
        "repo": "rust-analyzer",
        "rev": "caf23f29144b371035b864a1017dbc32573ad56d",
        "type": "github"
      },
      "original": {
        "owner": "rust-lang",
        "ref": "nightly",
        "repo": "rust-analyzer",
        "type": "github"
      }
    },
    "systems": {
      "locked": {
        "lastModified": 1681028828,
        "narHash": "sha256-Vy1rq5AaRuLzOxct8nz4T6wlgyUR7zLU309k9mBC768=",
        "owner": "nix-systems",
        "repo": "default",
        "rev": "da67096a3b9bf56a91d16901293e51ba5b49a27e",
        "type": "github"
      },
      "original": {
        "owner": "nix-systems",
        "repo": "default",
        "type": "github"
      }
    },
    "systems_2": {
      "locked": {
        "lastModified": 1681028828,
        "narHash": "sha256-Vy1rq5AaRuLzOxct8nz4T6wlgyUR7zLU309k9mBC768=",
        "owner": "nix-systems",
        "repo": "default",
        "rev": "da67096a3b9bf56a91d16901293e51ba5b49a27e",
        "type": "github"
      },
      "original": {
        "owner": "nix-systems",
        "repo": "default",
        "type": "github"
      }
    },
    "systems_3": {
      "locked": {
        "lastModified": 1681028828,
        "narHash": "sha256-Vy1rq5AaRuLzOxct8nz4T6wlgyUR7zLU309k9mBC768=",
        "owner": "nix-systems",
        "repo": "default",
        "rev": "da67096a3b9bf56a91d16901293e51ba5b49a27e",
        "type": "github"
      },
      "original": {
        "owner": "nix-systems",
        "repo": "default",
        "type": "github"
      }
    },
    "systems_4": {
      "locked": {
        "lastModified": 1689347925,
        "narHash": "sha256-ozenz5bFe1UUqOn7f60HRmgc01BgTGIKZ4Xl+HbocGQ=",
        "owner": "nix-systems",
        "repo": "default-darwin",
        "rev": "2235d7e6cc29ae99878133c95e9fe5e157661ffb",
        "type": "github"
      },
      "original": {
        "owner": "nix-systems",
        "repo": "default-darwin",
        "type": "github"
      }
    },
    "systems_5": {
      "locked": {
        "lastModified": 1681028828,
        "narHash": "sha256-Vy1rq5AaRuLzOxct8nz4T6wlgyUR7zLU309k9mBC768=",
        "owner": "nix-systems",
        "repo": "default",
        "rev": "da67096a3b9bf56a91d16901293e51ba5b49a27e",
        "type": "github"
      },
      "original": {
        "owner": "nix-systems",
        "repo": "default",
        "type": "github"
      }
    },
    "systems_6": {
      "locked": {
        "lastModified": 1681028828,
        "narHash": "sha256-Vy1rq5AaRuLzOxct8nz4T6wlgyUR7zLU309k9mBC768=",
        "owner": "nix-systems",
        "repo": "default",
        "rev": "da67096a3b9bf56a91d16901293e51ba5b49a27e",
        "type": "github"
      },
      "original": {
        "owner": "nix-systems",
        "repo": "default",
        "type": "github"
      }
    },
    "treefmt-nix": {
      "inputs": {
        "nixpkgs": "nixpkgs_4"
      },
      "locked": {
        "lastModified": 1766000401,
        "narHash": "sha256-+cqN4PJz9y0JQXfAK5J1drd0U05D5fcAGhzhfVrDlsI=",
        "owner": "numtide",
        "repo": "treefmt-nix",
        "rev": "42d96e75aa56a3f70cab7e7dc4a32868db28e8fd",
        "type": "github"
      },
      "original": {
        "owner": "numtide",
        "repo": "treefmt-nix",
        "type": "github"
      }
    },
    "treefmt-nix_2": {
      "inputs": {
        "nixpkgs": "nixpkgs_6"
      },
      "locked": {
        "lastModified": 1766000401,
        "narHash": "sha256-+cqN4PJz9y0JQXfAK5J1drd0U05D5fcAGhzhfVrDlsI=",
        "owner": "numtide",
        "repo": "treefmt-nix",
        "rev": "42d96e75aa56a3f70cab7e7dc4a32868db28e8fd",
        "type": "github"
      },
      "original": {
        "owner": "numtide",
        "repo": "treefmt-nix",
        "type": "github"
      }
    }
  },
  "root": "root",
  "version": 7
}
